{
  "name": "@feltcoop/gro",
  "version": "0.0.0",
  "lockfileVersion": 1,
  "requires": true,
  "dependencies": {
    "@types/estree": {
      "version": "0.0.39",
      "resolved": "https://registry.npmjs.org/@types/estree/-/estree-0.0.39.tgz",
      "integrity": "sha512-EYNwp3bU+98cpU4lAWYYL7Zz+2gryWH1qbdDTidVd6hkiR6weksdbMadyXKXNPEkQFhXM+hVO9ZygomHXp+AIw=="
    },
    "@types/fs-extra": {
      "version": "8.1.0",
      "resolved": "https://registry.npmjs.org/@types/fs-extra/-/fs-extra-8.1.0.tgz",
      "integrity": "sha512-UoOfVEzAUpeSPmjm7h1uk5MH6KZma2z2O7a75onTGjnNvAvMVrPzPL/vBbT65iIGHWj6rokwfmYcmxmlSf2uwg==",
      "dev": true,
      "requires": {
        "@types/node": "*"
      }
    },
    "@types/node": {
      "version": "12.12.32",
      "resolved": "https://registry.npmjs.org/@types/node/-/node-12.12.32.tgz",
      "integrity": "sha512-44/reuCrwiQEsXud3I5X3sqI5jIXAmHB5xoiyKUw965olNHF3IWKjBLKK3F9LOSUZmK+oDt8jmyO637iX+hMgA=="
    },
    "@types/prettier": {
      "version": "1.19.1",
      "resolved": "https://registry.npmjs.org/@types/prettier/-/prettier-1.19.1.tgz",
      "integrity": "sha512-5qOlnZscTn4xxM5MeGXAMOsIOIKIbh9e85zJWfBRVPlRMEVawzoPhINYbRGkBZCI8LxvBe7tJCdWiarA99OZfQ==",
      "dev": true
    },
    "@types/resolve": {
      "version": "0.0.8",
      "resolved": "https://registry.npmjs.org/@types/resolve/-/resolve-0.0.8.tgz",
      "integrity": "sha512-auApPaJf3NPfe18hSoJkp8EbZzer2ISk7o8mCC3M9he/a04+gbMF97NkpD2S8riMGvm4BMRI59/SZQSaLTKpsQ==",
      "requires": {
        "@types/node": "*"
      }
    },
    "@types/source-map-support": {
      "version": "0.5.1",
      "resolved": "https://registry.npmjs.org/@types/source-map-support/-/source-map-support-0.5.1.tgz",
      "integrity": "sha512-VDqnZe9D2zR19qbeRvwYyHSp7AtUtCkTaRVFQ8wzwH9TXw9kKKq/vBhfEnFEXVupO2M0lBMA9mr/XyQ6gEkUOA==",
      "dev": true,
      "requires": {
        "@types/node": "*"
      }
    },
    "at-least-node": {
      "version": "1.0.0",
      "resolved": "https://registry.npmjs.org/at-least-node/-/at-least-node-1.0.0.tgz",
      "integrity": "sha512-+q/t7Ekv1EDY2l6Gda6LLiX14rU9TV20Wa3ofeQmwPFZbOMo9DXrLbOjFaaclkXKWidIaopwAObQDqwWtGUjqg=="
    },
    "buffer-from": {
      "version": "1.1.1",
      "resolved": "https://registry.npmjs.org/buffer-from/-/buffer-from-1.1.1.tgz",
      "integrity": "sha512-MQcXEUbCKtEo7bhqEs6560Hyd4XaovZlO/k9V3hjVUF/zwW7KBVdSK4gIt/bzwS9MbR5qob+F5jusZsb0YQK2A=="
    },
    "builtin-modules": {
      "version": "3.1.0",
      "resolved": "https://registry.npmjs.org/builtin-modules/-/builtin-modules-3.1.0.tgz",
      "integrity": "sha512-k0KL0aWZuBt2lrxrcASWDfwOLMnodeQjodT/1SxEQAXsHANgo6ZC/VEaSEHCXt7aSTZ4/4H5LKa+tBXmW7Vtvw=="
    },
    "cheap-watch": {
      "version": "1.0.2",
      "resolved": "https://registry.npmjs.org/cheap-watch/-/cheap-watch-1.0.2.tgz",
      "integrity": "sha512-jp82t+kZAW+ZVnuYuHZEGZqDaUg28uAyOhC915BcKBSYL55fpTyuJ56cYYXZG0JkCPQT80MjRD6q2KqebaPwCw=="
    },
    "commander": {
      "version": "2.20.3",
      "resolved": "https://registry.npmjs.org/commander/-/commander-2.20.3.tgz",
      "integrity": "sha512-GpVkmM8vF2vQUkj2LvZmD35JxeJOLCwJ9cUkugyk2nuhbv3+mJvpLYYt+0+USMxE+oj+ey/lJEnhZw75x/OMcQ=="
    },
    "estree-walker": {
      "version": "0.6.1",
      "resolved": "https://registry.npmjs.org/estree-walker/-/estree-walker-0.6.1.tgz",
      "integrity": "sha512-SqmZANLWS0mnatqbSfRP5g8OXZC12Fgg1IwNtLsyHDzJizORW4khDfjPqJZsemPWBB2uqykUah5YpQ6epsqC/w=="
    },
    "fs-extra": {
      "version": "9.0.0",
      "resolved": "https://registry.npmjs.org/fs-extra/-/fs-extra-9.0.0.tgz",
      "integrity": "sha512-pmEYSk3vYsG/bF651KPUXZ+hvjpgWYw/Gc7W9NFUe3ZVLczKKWIij3IKpOrQcdw4TILtibFslZ0UmR8Vvzig4g==",
      "requires": {
        "at-least-node": "^1.0.0",
        "graceful-fs": "^4.2.0",
        "jsonfile": "^6.0.1",
        "universalify": "^1.0.0"
      }
    },
    "fsevents": {
      "version": "2.1.2",
      "resolved": "https://registry.npmjs.org/fsevents/-/fsevents-2.1.2.tgz",
      "integrity": "sha512-R4wDiBwZ0KzpgOWetKDug1FZcYhqYnUYKtfZYt4mD5SBz76q0KR4Q9o7GIPamsVPGmW3EYPPJ0dOOjvx32ldZA==",
      "dev": true,
      "optional": true
    },
    "graceful-fs": {
      "version": "4.2.3",
      "resolved": "https://registry.npmjs.org/graceful-fs/-/graceful-fs-4.2.3.tgz",
      "integrity": "sha512-a30VEBm4PEdx1dRB7MFK7BejejvCvBronbLjht+sHuGYj8PHs7M/5Z+rt5lw551vZ7yfTCj4Vuyy3mSJytDWRQ=="
    },
    "is-module": {
      "version": "1.0.0",
      "resolved": "https://registry.npmjs.org/is-module/-/is-module-1.0.0.tgz",
      "integrity": "sha1-Mlj7afeMFNW4FdZkM2tM/7ZEFZE="
    },
    "is-reference": {
      "version": "1.1.4",
      "resolved": "https://registry.npmjs.org/is-reference/-/is-reference-1.1.4.tgz",
      "integrity": "sha512-uJA/CDPO3Tao3GTrxYn6AwkM4nUPJiGGYu5+cB8qbC7WGFlrKZbiRo7SFKxUAEpFUfiHofWCXBUNhvYJMh+6zw==",
      "requires": {
        "@types/estree": "0.0.39"
      }
    },
    "jsonfile": {
      "version": "6.0.1",
      "resolved": "https://registry.npmjs.org/jsonfile/-/jsonfile-6.0.1.tgz",
      "integrity": "sha512-jR2b5v7d2vIOust+w3wtFKZIfpC2pnRmFAhAC/BuweZFQR8qZzxH1OyrQ10HmdVYiXWkYUqPVsz91cG7EL2FBg==",
      "requires": {
        "graceful-fs": "^4.1.6",
        "universalify": "^1.0.0"
      }
    },
    "kleur": {
      "version": "3.0.3",
      "resolved": "https://registry.npmjs.org/kleur/-/kleur-3.0.3.tgz",
      "integrity": "sha512-eTIzlVOSUR+JxdDFepEYcBMtZ9Qqdef+rnzWdRZuMbOywu5tO2w2N7rqjoANZ5k9vywhL6Br1VRjUIgTQx4E8w=="
    },
    "magic-string": {
      "version": "0.25.7",
      "resolved": "https://registry.npmjs.org/magic-string/-/magic-string-0.25.7.tgz",
      "integrity": "sha512-4CrMT5DOHTDk4HYDlzmwu4FVCcIYI8gauveasrdCu2IKIFOJ3f0v/8MDGJCDL9oD2ppz/Av1b0Nj345H9M+XIA==",
      "requires": {
        "sourcemap-codec": "^1.4.4"
      }
    },
    "mri": {
      "version": "1.1.5",
      "resolved": "https://registry.npmjs.org/mri/-/mri-1.1.5.tgz",
      "integrity": "sha512-d2RKzMD4JNyHMbnbWnznPaa8vbdlq/4pNZ3IgdaGrVbBhebBsGUUE/6qorTMYNS6TwuH3ilfOlD2bf4Igh8CKg=="
    },
    "path-parse": {
      "version": "1.0.6",
      "resolved": "https://registry.npmjs.org/path-parse/-/path-parse-1.0.6.tgz",
      "integrity": "sha512-GSmOT2EbHrINBf9SR7CDELwlJ8AENk3Qn7OikK4nFYAu3Ote2+JYNVvkpAEQm3/TLNEJFD/xZJjzyxg3KBWOzw=="
    },
    "prettier": {
      "version": "1.19.1",
      "resolved": "https://registry.npmjs.org/prettier/-/prettier-1.19.1.tgz",
      "integrity": "sha512-s7PoyDv/II1ObgQunCbB9PdLmUcBZcnWOcxDh7O0N/UwDEsHyqkW+Qh28jW+mVuCdx7gLB0BotYI1Y6uI9iyew==",
      "dev": true
    },
    "resolve": {
      "version": "1.12.0",
      "resolved": "https://registry.npmjs.org/resolve/-/resolve-1.12.0.tgz",
      "integrity": "sha512-B/dOmuoAik5bKcD6s6nXDCjzUKnaDvdkRyAk6rsmsKLipWj4797iothd7jmmUhWTfinVMU+wc56rYKsit2Qy4w==",
      "requires": {
        "path-parse": "^1.0.6"
      }
    },
    "rollup": {
      "version": "2.6.1",
      "resolved": "https://registry.npmjs.org/rollup/-/rollup-2.6.1.tgz",
      "integrity": "sha512-1RhFDRJeg027YjBO6+JxmVWkEZY0ASztHhoEUEWxOwkh4mjO58TFD6Uo7T7Y3FbmDpRTfKhM5NVxJyimCn0Elg==",
      "dev": true,
      "requires": {
        "fsevents": "~2.1.2"
      }
    },
    "rollup-plugin-commonjs": {
      "version": "10.1.0",
      "resolved": "https://registry.npmjs.org/rollup-plugin-commonjs/-/rollup-plugin-commonjs-10.1.0.tgz",
      "integrity": "sha512-jlXbjZSQg8EIeAAvepNwhJj++qJWNJw1Cl0YnOqKtP5Djx+fFGkp3WRh+W0ASCaFG5w1jhmzDxgu3SJuVxPF4Q==",
      "requires": {
        "estree-walker": "^0.6.1",
        "is-reference": "^1.1.2",
        "magic-string": "^0.25.2",
        "resolve": "^1.11.0",
        "rollup-pluginutils": "^2.8.1"
      }
    },
    "rollup-plugin-node-resolve": {
      "version": "5.2.0",
      "resolved": "https://registry.npmjs.org/rollup-plugin-node-resolve/-/rollup-plugin-node-resolve-5.2.0.tgz",
      "integrity": "sha512-jUlyaDXts7TW2CqQ4GaO5VJ4PwwaV8VUGA7+km3n6k6xtOEacf61u0VXwN80phY/evMcaS+9eIeJ9MOyDxt5Zw==",
      "requires": {
        "@types/resolve": "0.0.8",
        "builtin-modules": "^3.1.0",
        "is-module": "^1.0.0",
        "resolve": "^1.11.1",
        "rollup-pluginutils": "^2.8.1"
      }
    },
    "rollup-pluginutils": {
      "version": "2.8.2",
      "resolved": "https://registry.npmjs.org/rollup-pluginutils/-/rollup-pluginutils-2.8.2.tgz",
      "integrity": "sha512-EEp9NhnUkwY8aif6bxgovPHMoMoNr2FulJziTndpt5H9RdwC47GSGuII9XxpSdzVGM0GWrNPHV6ie1LTNJPaLQ==",
      "requires": {
        "estree-walker": "^0.6.1"
      }
    },
    "source-map": {
      "version": "0.6.1",
      "resolved": "https://registry.npmjs.org/source-map/-/source-map-0.6.1.tgz",
      "integrity": "sha512-UjgapumWlbMhkBgzT7Ykc5YXUT46F0iKu8SGXq0bcwP5dz/h0Plj6enJqjz1Zbq2l5WaqYnrVbwWOWMyF3F47g=="
    },
    "source-map-support": {
      "version": "0.5.16",
      "resolved": "https://registry.npmjs.org/source-map-support/-/source-map-support-0.5.16.tgz",
      "integrity": "sha512-efyLRJDr68D9hBBNIPWFjhpFzURh+KJykQwvMyW5UiZzYwoF6l4YMMDIJJEyFWxWCqfyxLzz6tSfUFR+kXXsVQ==",
      "requires": {
        "buffer-from": "^1.0.0",
        "source-map": "^0.6.0"
      }
    },
    "sourcemap-codec": {
      "version": "1.4.8",
      "resolved": "https://registry.npmjs.org/sourcemap-codec/-/sourcemap-codec-1.4.8.tgz",
      "integrity": "sha512-9NykojV5Uih4lgo5So5dtw+f0JgJX30KCNI8gwhz2J9A15wD0Ml6tjHKwf6fTSa6fAdVBdZeNOs9eJ71qCk8vA=="
    },
    "svelte": {
      "version": "3.20.1",
      "resolved": "https://registry.npmjs.org/svelte/-/svelte-3.20.1.tgz",
      "integrity": "sha512-m/dw52BZf+p6KYnyKLErIcGalu4pwJrQbUM7VZriRw6ZlJj1qMAZsLcIWzEB3I0hhdJwkKb7LrrvUIeqmbO92Q==",
      "dev": true
    },
    "terser": {
      "version": "4.6.8",
      "resolved": "https://registry.npmjs.org/terser/-/terser-4.6.8.tgz",
      "integrity": "sha512-drV7ga6ZlIpBtitvb87Uk7P7gAJkCt3j/TqZr9wwF4Dlt0MBn52ANIAyuvP1F605WdPY4w6vT63u6KTWqaXFRQ==",
      "requires": {
        "commander": "^2.20.0",
        "source-map": "~0.6.1",
        "source-map-support": "~0.5.12"
      }
    },
    "tslib": {
      "version": "1.11.1",
      "resolved": "https://registry.npmjs.org/tslib/-/tslib-1.11.1.tgz",
      "integrity": "sha512-aZW88SY8kQbU7gpV19lN24LtXh/yD4ZZg6qieAJDDg+YBsJcSmLGK9QpnUjAKVG/xefmvJGd1WUmfpT/g6AJGA==",
      "dev": true
    },
    "typescript": {
      "version": "3.8.3",
      "resolved": "https://registry.npmjs.org/typescript/-/typescript-3.8.3.tgz",
      "integrity": "sha512-MYlEfn5VrLNsgudQTVJeNaQFUAI7DkhnOjdpAp4T+ku1TfQClewlbSuTVHiA+8skNBgaf02TL/kLOvig4y3G8w==",
      "dev": true
    },
    "universalify": {
      "version": "1.0.0",
      "resolved": "https://registry.npmjs.org/universalify/-/universalify-1.0.0.tgz",
      "integrity": "sha512-rb6X1W158d7pRQBg5gkR8uPaSfiids68LTJQYOtEUhoJUWBdaQHsuT/EUduxXYxcrt4r5PJ4fuHW1MHT6p0qug=="
    }
  }
}
