{
  "name": "@ryanatkn/gro",
  "version": "0.0.0",
  "lockfileVersion": 1,
  "requires": true,
  "dependencies": {
    "@types/estree": {
      "version": "0.0.39",
      "resolved": "https://registry.npmjs.org/@types/estree/-/estree-0.0.39.tgz",
      "integrity": "sha512-EYNwp3bU+98cpU4lAWYYL7Zz+2gryWH1qbdDTidVd6hkiR6weksdbMadyXKXNPEkQFhXM+hVO9ZygomHXp+AIw=="
    },
    "@types/fs-extra": {
      "version": "8.0.0",
      "resolved": "https://registry.npmjs.org/@types/fs-extra/-/fs-extra-8.0.0.tgz",
      "integrity": "sha512-bCtL5v9zdbQW86yexOlXWTEGvLNqWxMFyi7gQA7Gcthbezr2cPSOb8SkESVKA937QD5cIwOFLDFt0MQoXOEr9Q==",
      "dev": true,
      "requires": {
        "@types/node": "*"
      }
    },
    "@types/mime": {
      "version": "2.0.1",
      "resolved": "https://registry.npmjs.org/@types/mime/-/mime-2.0.1.tgz",
      "integrity": "sha512-FwI9gX75FgVBJ7ywgnq/P7tw+/o1GUbtP0KzbtusLigAOgIgNISRK0ZPl4qertvXSIE8YbsVJueQ90cDt9YYyw==",
      "dev": true
    },
    "@types/node": {
      "version": "12.7.2",
      "resolved": "https://registry.npmjs.org/@types/node/-/node-12.7.2.tgz",
      "integrity": "sha512-dyYO+f6ihZEtNPDcWNR1fkoTDf3zAK3lAABDze3mz6POyIercH0lEUawUFXlG8xaQZmm1yEBON/4TsYv/laDYg=="
    },
    "@types/prettier": {
      "version": "1.18.1",
      "resolved": "https://registry.npmjs.org/@types/prettier/-/prettier-1.18.1.tgz",
      "integrity": "sha512-68j7wTrTZUInkpYd6PGJOeKkEtDDkQDIyrX/ynY0gV20gOjSq0xcGpvsUrmdhUn+s4eJgOImNtnNmh5rXkq3Vg==",
      "dev": true
    },
    "@types/resolve": {
      "version": "0.0.8",
      "resolved": "https://registry.npmjs.org/@types/resolve/-/resolve-0.0.8.tgz",
      "integrity": "sha512-auApPaJf3NPfe18hSoJkp8EbZzer2ISk7o8mCC3M9he/a04+gbMF97NkpD2S8riMGvm4BMRI59/SZQSaLTKpsQ==",
      "requires": {
        "@types/node": "*"
      }
    },
    "@types/source-map-support": {
      "version": "0.5.0",
      "resolved": "https://registry.npmjs.org/@types/source-map-support/-/source-map-support-0.5.0.tgz",
      "integrity": "sha512-OrnAz5K5dXDgMdeRRoXIjDAvkodQ9ESvVJCyzrhzUJKmCkXgmYx/KLUBcVFe5eS4FiohfcY7YPxsdkmSwJz9wA==",
      "dev": true,
      "requires": {
        "@types/node": "*"
      }
    },
    "acorn": {
      "version": "7.0.0",
      "resolved": "https://registry.npmjs.org/acorn/-/acorn-7.0.0.tgz",
      "integrity": "sha512-PaF/MduxijYYt7unVGRuds1vBC9bFxbNf+VWqhOClfdgy7RlVkQqt610ig1/yxTgsDIfW1cWDel5EBbOy3jdtQ=="
    },
    "buffer-from": {
      "version": "1.1.1",
      "resolved": "https://registry.npmjs.org/buffer-from/-/buffer-from-1.1.1.tgz",
      "integrity": "sha512-MQcXEUbCKtEo7bhqEs6560Hyd4XaovZlO/k9V3hjVUF/zwW7KBVdSK4gIt/bzwS9MbR5qob+F5jusZsb0YQK2A=="
    },
    "builtin-modules": {
      "version": "3.1.0",
      "resolved": "https://registry.npmjs.org/builtin-modules/-/builtin-modules-3.1.0.tgz",
      "integrity": "sha512-k0KL0aWZuBt2lrxrcASWDfwOLMnodeQjodT/1SxEQAXsHANgo6ZC/VEaSEHCXt7aSTZ4/4H5LKa+tBXmW7Vtvw=="
    },
    "cheap-watch": {
      "version": "1.0.2",
      "resolved": "https://registry.npmjs.org/cheap-watch/-/cheap-watch-1.0.2.tgz",
      "integrity": "sha512-jp82t+kZAW+ZVnuYuHZEGZqDaUg28uAyOhC915BcKBSYL55fpTyuJ56cYYXZG0JkCPQT80MjRD6q2KqebaPwCw=="
    },
    "commander": {
      "version": "2.20.0",
      "resolved": "https://registry.npmjs.org/commander/-/commander-2.20.0.tgz",
      "integrity": "sha512-7j2y+40w61zy6YC2iRNpUe/NwhNyoXrYpHMrSunaMG64nRnaf96zO/KMQR4OyN/UnE5KLyEBnKHd4aG3rskjpQ=="
    },
    "estree-walker": {
      "version": "0.6.1",
      "resolved": "https://registry.npmjs.org/estree-walker/-/estree-walker-0.6.1.tgz",
      "integrity": "sha512-SqmZANLWS0mnatqbSfRP5g8OXZC12Fgg1IwNtLsyHDzJizORW4khDfjPqJZsemPWBB2uqykUah5YpQ6epsqC/w=="
    },
    "fs-extra": {
      "version": "8.1.0",
      "resolved": "https://registry.npmjs.org/fs-extra/-/fs-extra-8.1.0.tgz",
      "integrity": "sha512-yhlQgA6mnOJUKOsRUFsgJdQCvkKhcz8tlZG5HBQfReYZy46OwLcY+Zia0mtdHsOo9y/hP+CxMN0TU9QxoOtG4g==",
      "requires": {
        "graceful-fs": "^4.2.0",
        "jsonfile": "^4.0.0",
        "universalify": "^0.1.0"
      }
    },
    "graceful-fs": {
      "version": "4.2.1",
      "resolved": "https://registry.npmjs.org/graceful-fs/-/graceful-fs-4.2.1.tgz",
      "integrity": "sha512-b9usnbDGnD928gJB3LrCmxoibr3VE4U2SMo5PBuBnokWyDADTqDPXg4YpwKF1trpH+UbGp7QLicO3+aWEy0+mw=="
    },
    "is-module": {
      "version": "1.0.0",
      "resolved": "https://registry.npmjs.org/is-module/-/is-module-1.0.0.tgz",
      "integrity": "sha1-Mlj7afeMFNW4FdZkM2tM/7ZEFZE="
    },
    "is-reference": {
      "version": "1.1.3",
      "resolved": "https://registry.npmjs.org/is-reference/-/is-reference-1.1.3.tgz",
      "integrity": "sha512-W1iHHv/oyBb2pPxkBxtaewxa1BC58Pn5J0hogyCdefwUIvb6R+TGbAcIa4qPNYLqLhb3EnOgUf2MQkkF76BcKw==",
      "requires": {
        "@types/estree": "0.0.39"
      }
    },
    "jsonfile": {
      "version": "4.0.0",
      "resolved": "https://registry.npmjs.org/jsonfile/-/jsonfile-4.0.0.tgz",
      "integrity": "sha1-h3Gq4HmbZAdrdmQPygWPnBDjPss=",
      "requires": {
        "graceful-fs": "^4.1.6"
      }
    },
    "kleur": {
      "version": "3.0.3",
      "resolved": "https://registry.npmjs.org/kleur/-/kleur-3.0.3.tgz",
      "integrity": "sha512-eTIzlVOSUR+JxdDFepEYcBMtZ9Qqdef+rnzWdRZuMbOywu5tO2w2N7rqjoANZ5k9vywhL6Br1VRjUIgTQx4E8w=="
    },
    "magic-string": {
      "version": "0.25.3",
      "resolved": "https://registry.npmjs.org/magic-string/-/magic-string-0.25.3.tgz",
      "integrity": "sha512-6QK0OpF/phMz0Q2AxILkX2mFhi7m+WMwTRg0LQKq/WBB0cDP4rYH3Wp4/d3OTXlrPLVJT/RFqj8tFeAR4nk8AA==",
      "requires": {
        "sourcemap-codec": "^1.4.4"
      }
    },
    "mime": {
      "version": "2.4.4",
      "resolved": "https://registry.npmjs.org/mime/-/mime-2.4.4.tgz",
      "integrity": "sha512-LRxmNwziLPT828z+4YkNzloCFC2YM4wrB99k+AV5ZbEyfGNWfG8SO1FUXLmLDBSo89NrJZ4DIWeLjy1CHGhMGA=="
    },
    "mri": {
      "version": "1.1.4",
      "resolved": "https://registry.npmjs.org/mri/-/mri-1.1.4.tgz",
      "integrity": "sha512-6y7IjGPm8AzlvoUrwAaw1tLnUBudaS3752vcd8JtrpGGQn+rXIe63LFVHm/YMwtqAuh+LJPCFdlLYPWM1nYn6w=="
    },
    "path-parse": {
      "version": "1.0.6",
      "resolved": "https://registry.npmjs.org/path-parse/-/path-parse-1.0.6.tgz",
      "integrity": "sha512-GSmOT2EbHrINBf9SR7CDELwlJ8AENk3Qn7OikK4nFYAu3Ote2+JYNVvkpAEQm3/TLNEJFD/xZJjzyxg3KBWOzw=="
    },
    "prettier": {
      "version": "1.18.2",
      "resolved": "https://registry.npmjs.org/prettier/-/prettier-1.18.2.tgz",
      "integrity": "sha512-OeHeMc0JhFE9idD4ZdtNibzY0+TPHSpSSb9h8FqtP+YnoZZ1sl8Vc9b1sasjfymH3SonAF4QcA2+mzHPhMvIiw=="
    },
    "resolve": {
      "version": "1.12.0",
      "resolved": "https://registry.npmjs.org/resolve/-/resolve-1.12.0.tgz",
      "integrity": "sha512-B/dOmuoAik5bKcD6s6nXDCjzUKnaDvdkRyAk6rsmsKLipWj4797iothd7jmmUhWTfinVMU+wc56rYKsit2Qy4w==",
      "requires": {
        "path-parse": "^1.0.6"
      }
    },
    "rollup": {
      "version": "1.20.2",
      "resolved": "https://registry.npmjs.org/rollup/-/rollup-1.20.2.tgz",
      "integrity": "sha512-pF4jFzNWMUuudIAeiTgOcSxn8XkBN2Y2/IwPR7iL/IZ8k9RwoLyp2QwNWiYT+HF537zwpmzZHTBYw345H9vq1A==",
      "requires": {
        "@types/estree": "0.0.39",
        "@types/node": "^12.7.2",
        "acorn": "^7.0.0"
      }
    },
    "rollup-plugin-commonjs": {
      "version": "10.0.2",
      "resolved": "https://registry.npmjs.org/rollup-plugin-commonjs/-/rollup-plugin-commonjs-10.0.2.tgz",
      "integrity": "sha512-DxeR4QXTgTOFseYls1V7vgKbrSJmPYNdEMOs0OvH+7+89C3GiIonU9gFrE0u39Vv1KWm3wepq8KAvKugtoM2Zw==",
      "requires": {
        "estree-walker": "^0.6.1",
        "is-reference": "^1.1.2",
        "magic-string": "^0.25.2",
        "resolve": "^1.11.0",
        "rollup-pluginutils": "^2.8.1"
      }
    },
    "rollup-plugin-node-resolve": {
      "version": "5.2.0",
      "resolved": "https://registry.npmjs.org/rollup-plugin-node-resolve/-/rollup-plugin-node-resolve-5.2.0.tgz",
      "integrity": "sha512-jUlyaDXts7TW2CqQ4GaO5VJ4PwwaV8VUGA7+km3n6k6xtOEacf61u0VXwN80phY/evMcaS+9eIeJ9MOyDxt5Zw==",
      "requires": {
        "@types/resolve": "0.0.8",
        "builtin-modules": "^3.1.0",
        "is-module": "^1.0.0",
        "resolve": "^1.11.1",
        "rollup-pluginutils": "^2.8.1"
      }
    },
    "rollup-pluginutils": {
      "version": "2.8.1",
      "resolved": "https://registry.npmjs.org/rollup-pluginutils/-/rollup-pluginutils-2.8.1.tgz",
      "integrity": "sha512-J5oAoysWar6GuZo0s+3bZ6sVZAC0pfqKz68De7ZgDi5z63jOVZn1uJL/+z1jeKHNbGII8kAyHF5q8LnxSX5lQg==",
      "requires": {
        "estree-walker": "^0.6.1"
      }
    },
    "sade": {
      "version": "1.6.1",
      "resolved": "https://registry.npmjs.org/sade/-/sade-1.6.1.tgz",
      "integrity": "sha512-USHm9quYNmJwFwhOnEuJohdnBhUOKV1mhL0koHSJMLJaesRX0nuDuzbWmtUBbUmXkwTalLtUBzDlEnU940BiQA==",
      "requires": {
        "mri": "^1.1.0"
      }
    },
    "source-map": {
      "version": "0.6.1",
      "resolved": "https://registry.npmjs.org/source-map/-/source-map-0.6.1.tgz",
      "integrity": "sha512-UjgapumWlbMhkBgzT7Ykc5YXUT46F0iKu8SGXq0bcwP5dz/h0Plj6enJqjz1Zbq2l5WaqYnrVbwWOWMyF3F47g=="
    },
    "source-map-support": {
      "version": "0.5.13",
      "resolved": "https://registry.npmjs.org/source-map-support/-/source-map-support-0.5.13.tgz",
      "integrity": "sha512-SHSKFHadjVA5oR4PPqhtAVdcBWwRYVd6g6cAXnIbRiIwc2EhPrTuKUBdSLvlEKyIP3GCf89fltvcZiP9MMFA1w==",
      "requires": {
        "buffer-from": "^1.0.0",
        "source-map": "^0.6.0"
      }
    },
    "sourcemap-codec": {
      "version": "1.4.6",
      "resolved": "https://registry.npmjs.org/sourcemap-codec/-/sourcemap-codec-1.4.6.tgz",
      "integrity": "sha512-1ZooVLYFxC448piVLBbtOxFcXwnymH9oUF8nRd3CuYDVvkRBxRl6pB4Mtas5a4drtL+E8LDgFkQNcgIw6tc8Hg=="
    },
    "svelte": {
      "version": "3.9.1",
      "resolved": "https://registry.npmjs.org/svelte/-/svelte-3.9.1.tgz",
      "integrity": "sha512-oy6FjffuCzPueBnzs8SxkV5VaOS+VX/eUywgE9LCA+skKdXt7wFlpKH3DNi1Uy+K23sb9bzlWxn0AaDQOnEUEw=="
    },
    "terser": {
      "version": "4.2.1",
      "resolved": "https://registry.npmjs.org/terser/-/terser-4.2.1.tgz",
      "integrity": "sha512-cGbc5utAcX4a9+2GGVX4DsenG6v0x3glnDi5hx8816X1McEAwPlPgRtXPJzSBsbpILxZ8MQMT0KvArLuE0HP5A==",
      "requires": {
        "commander": "^2.20.0",
        "source-map": "~0.6.1",
        "source-map-support": "~0.5.12"
      }
    },
    "tslib": {
      "version": "1.10.0",
      "resolved": "https://registry.npmjs.org/tslib/-/tslib-1.10.0.tgz",
      "integrity": "sha512-qOebF53frne81cf0S9B41ByenJ3/IuH8yJKngAX35CmiZySA0khhkovshKK+jGCaMnVomla7gVlIcc3EvKPbTQ=="
    },
    "typescript": {
      "version": "3.5.3",
      "resolved": "https://registry.npmjs.org/typescript/-/typescript-3.5.3.tgz",
      "integrity": "sha512-ACzBtm/PhXBDId6a6sDJfroT2pOWt/oOnk4/dElG5G33ZL776N3Y6/6bKZJBFpd+b05F3Ct9qDjMeJmRWtE2/g=="
    },
    "universalify": {
      "version": "0.1.2",
      "resolved": "https://registry.npmjs.org/universalify/-/universalify-0.1.2.tgz",
      "integrity": "sha512-rBJeI5CXAlmy1pV+617WB9J63U6XcazHHF2f2dbJix4XzpUF0RS3Zbj0FGIOCAva5P/d/GBOYaACQ1w+0azUkg=="
    }
  }
}
