{
  "name": "@ryanatkn/gro",
  "version": "0.1.0",
  "lockfileVersion": 1,
  "requires": true,
  "dependencies": {
    "@arr/every": {
      "version": "1.0.0",
      "resolved": "https://registry.npmjs.org/@arr/every/-/every-1.0.0.tgz",
      "integrity": "sha1-MU+BaPUK5IoDLP2tX9tDb0ZKl6w="
    },
    "@polka/url": {
      "version": "0.5.0",
      "resolved": "https://registry.npmjs.org/@polka/url/-/url-0.5.0.tgz",
      "integrity": "sha512-oZLYFEAzUKyi3SKnXvj32ZCEGH6RDnao7COuCVhDydMS9NrCSVXhM79VaKyP5+Zc33m0QXEd2DN3UkU7OsHcfw=="
    },
    "matchit": {
      "version": "1.0.8",
      "resolved": "https://registry.npmjs.org/matchit/-/matchit-1.0.8.tgz",
      "integrity": "sha512-CwPPICzozd/ezCzpVwGYG5bMVieaapnA0vvHDQnmQ2u2vZtVLynoPmvFsZjL67hFOvTBhhpqSR0bq3uloDP/Rw==",
      "requires": {
        "@arr/every": "^1.0.0"
      }
    },
    "mime": {
      "version": "2.4.4",
      "resolved": "https://registry.npmjs.org/mime/-/mime-2.4.4.tgz",
      "integrity": "sha512-LRxmNwziLPT828z+4YkNzloCFC2YM4wrB99k+AV5ZbEyfGNWfG8SO1FUXLmLDBSo89NrJZ4DIWeLjy1CHGhMGA=="
    },
    "mri": {
      "version": "1.1.4",
      "resolved": "https://registry.npmjs.org/mri/-/mri-1.1.4.tgz",
      "integrity": "sha512-6y7IjGPm8AzlvoUrwAaw1tLnUBudaS3752vcd8JtrpGGQn+rXIe63LFVHm/YMwtqAuh+LJPCFdlLYPWM1nYn6w=="
    },
    "polka": {
      "version": "0.5.2",
      "resolved": "https://registry.npmjs.org/polka/-/polka-0.5.2.tgz",
      "integrity": "sha512-FVg3vDmCqP80tOrs+OeNlgXYmFppTXdjD5E7I4ET1NjvtNmQrb1/mJibybKkb/d4NA7YWAr1ojxuhpL3FHqdlw==",
      "requires": {
        "@polka/url": "^0.5.0",
        "trouter": "^2.0.1"
      }
    },
    "prettier": {
      "version": "1.18.2",
      "resolved": "https://registry.npmjs.org/prettier/-/prettier-1.18.2.tgz",
      "integrity": "sha512-OeHeMc0JhFE9idD4ZdtNibzY0+TPHSpSSb9h8FqtP+YnoZZ1sl8Vc9b1sasjfymH3SonAF4QcA2+mzHPhMvIiw=="
    },
    "sade": {
      "version": "1.6.1",
      "resolved": "https://registry.npmjs.org/sade/-/sade-1.6.1.tgz",
      "integrity": "sha512-USHm9quYNmJwFwhOnEuJohdnBhUOKV1mhL0koHSJMLJaesRX0nuDuzbWmtUBbUmXkwTalLtUBzDlEnU940BiQA==",
      "requires": {
        "mri": "^1.1.0"
      }
    },
    "sirv": {
      "version": "0.4.2",
      "resolved": "https://registry.npmjs.org/sirv/-/sirv-0.4.2.tgz",
      "integrity": "sha512-dQbZnsMaIiTQPZmbGmktz+c74zt/hyrJEB4tdp2Jj0RNv9J6B/OWR5RyrZEvIn9fyh9Zlg2OlE2XzKz6wMKGAw==",
      "requires": {
        "@polka/url": "^0.5.0",
        "mime": "^2.3.1"
      }
    },
    "trouter": {
      "version": "2.0.1",
      "resolved": "https://registry.npmjs.org/trouter/-/trouter-2.0.1.tgz",
      "integrity": "sha512-kr8SKKw94OI+xTGOkfsvwZQ8mWoikZDd2n8XZHjJVZUARZT+4/VV6cacRS6CLsH9bNm+HFIPU1Zx4CnNnb4qlQ==",
      "requires": {
        "matchit": "^1.0.0"
      }
    }
  }
}
